
Microsoft Visual Studio Solution File, Format Version 12.00
# Visual Studio Version 17
VisualStudioVersion = 17.5.33414.496
MinimumVisualStudioVersion = 10.0.40219.1
Project("{FAE04EC0-301F-11D3-BF4B-00C04F79EFBC}") = "WebApp_noite", "WebApp_noite\WebApp_noite.csproj", "{19A580CF-EEC8-4D52-B2F6-74F5394BC346}"
EndProject
Global
	GlobalSection(SolutionConfigurationPlatforms) = preSolution
		Debug|Any CPU = Debug|Any CPU
		Release|Any CPU = Release|Any CPU
	EndGlobalSection
	GlobalSection(ProjectConfigurationPlatforms) = postSolution
		{19A580CF-EEC8-4D52-B2F6-74F5394BC346}.Debug|Any CPU.ActiveCfg = Debug|Any CPU
		{19A580CF-EEC8-4D52-B2F6-74F5394BC346}.Debug|Any CPU.Build.0 = Debug|Any CPU
		{19A580CF-EEC8-4D52-B2F6-74F5394BC346}.Release|Any CPU.ActiveCfg = Release|Any CPU
		{19A580CF-EEC8-4D52-B2F6-74F5394BC346}.Release|Any CPU.Build.0 = Release|Any CPU
	EndGlobalSection
	GlobalSection(SolutionProperties) = preSolution
		HideSolutionNode = FALSE
	EndGlobalSection
	GlobalSection(ExtensibilityGlobals) = postSolution
		SolutionGuid = {551FAD93-EA45-4071-A3DE-FD6ADF74D956}
	EndGlobalSection
EndGlobal
